
Microsoft Visual Studio Solution File, Format Version 12.00
# Visual Studio Version 16
VisualStudioVersion = 16.0.29509.3
MinimumVisualStudioVersion = 10.0.40219.1
Project("{8BC9CEB8-8B4A-11D0-8D11-00A0C91BC942}") = "CPP_Concurrency_Mutex_Protected_Shared", "CPP_Concurrency_Mutex_Protected_Shared\CPP_Concurrency_Mutex_Protected_Shared.vcxproj", "{566C919D-112A-49DC-B7A7-9ADE06180757}"
EndProject
Global
	GlobalSection(SolutionConfigurationPlatforms) = preSolution
		Debug|x64 = Debug|x64
		Debug|x86 = Debug|x86
		Release|x64 = Release|x64
		Release|x86 = Release|x86
	EndGlobalSection
	GlobalSection(ProjectConfigurationPlatforms) = postSolution
		{566C919D-112A-49DC-B7A7-9ADE06180757}.Debug|x64.ActiveCfg = Debug|x64
		{566C919D-112A-49DC-B7A7-9ADE06180757}.Debug|x64.Build.0 = Debug|x64
		{566C919D-112A-49DC-B7A7-9ADE06180757}.Debug|x86.ActiveCfg = Debug|Win32
		{566C919D-112A-49DC-B7A7-9ADE06180757}.Debug|x86.Build.0 = Debug|Win32
		{566C919D-112A-49DC-B7A7-9ADE06180757}.Release|x64.ActiveCfg = Release|x64
		{566C919D-112A-49DC-B7A7-9ADE06180757}.Release|x64.Build.0 = Release|x64
		{566C919D-112A-49DC-B7A7-9ADE06180757}.Release|x86.ActiveCfg = Release|Win32
		{566C919D-112A-49DC-B7A7-9ADE06180757}.Release|x86.Build.0 = Release|Win32
	EndGlobalSection
	GlobalSection(SolutionProperties) = preSolution
		HideSolutionNode = FALSE
	EndGlobalSection
	GlobalSection(ExtensibilityGlobals) = postSolution
		SolutionGuid = {F164B254-E829-44FC-9FDD-925A61AAF2FD}
	EndGlobalSection
EndGlobal
